
Microsoft Visual Studio Solution File, Format Version 11.00
# Visual Studio 2010
Project("{FAE04EC0-301F-11D3-BF4B-00C04F79EFBC}") = "task3", "task3\task3.csproj", "{9414DB88-E0BA-4400-A811-2A229FEF530A}"
EndProject
Global
	GlobalSection(SolutionConfigurationPlatforms) = preSolution
		Debug|x86 = Debug|x86
		Release|x86 = Release|x86
	EndGlobalSection
	GlobalSection(ProjectConfigurationPlatforms) = postSolution
		{9414DB88-E0BA-4400-A811-2A229FEF530A}.Debug|x86.ActiveCfg = Debug|x86
		{9414DB88-E0BA-4400-A811-2A229FEF530A}.Debug|x86.Build.0 = Debug|x86
		{9414DB88-E0BA-4400-A811-2A229FEF530A}.Release|x86.ActiveCfg = Release|x86
		{9414DB88-E0BA-4400-A811-2A229FEF530A}.Release|x86.Build.0 = Release|x86
	EndGlobalSection
	GlobalSection(SolutionProperties) = preSolution
		HideSolutionNode = FALSE
	EndGlobalSection
EndGlobal
